
Microsoft Visual Studio Solution File, Format Version 12.00
# Visual Studio Version 16
VisualStudioVersion = 16.0.30503.244
MinimumVisualStudioVersion = 10.0.40219.1
Project("{2150E333-8FDC-42A3-9474-1A3956D46DE8}") = "Solution Items", "Solution Items", "{2F2A1515-5570-4A53-BD46-A31D29F9DB61}"
	ProjectSection(SolutionItems) = preProject
		Index.html = Index.html
	EndProjectSection
EndProject
Global
	GlobalSection(SolutionProperties) = preSolution
		HideSolutionNode = FALSE
	EndGlobalSection
	GlobalSection(ExtensibilityGlobals) = postSolution
		SolutionGuid = {27BE9C01-037F-403B-89F2-EC9AC4CE1E6B}
	EndGlobalSection
EndGlobal
