
Microsoft Visual Studio Solution File, Format Version 12.00
# Visual Studio Version 16
VisualStudioVersion = 16.0.30011.22
MinimumVisualStudioVersion = 10.0.40219.1
Project("{FAE04EC0-301F-11D3-BF4B-00C04F79EFBC}") = "Franks Withdraw Challenge", "Franks Withdraw Challenge.csproj", "{518B9210-DA4B-4DA3-9690-2E7B43BB008D}"
EndProject
Global
	GlobalSection(SolutionConfigurationPlatforms) = preSolution
		Debug|Any CPU = Debug|Any CPU
		Release|Any CPU = Release|Any CPU
	EndGlobalSection
	GlobalSection(ProjectConfigurationPlatforms) = postSolution
		{518B9210-DA4B-4DA3-9690-2E7B43BB008D}.Debug|Any CPU.ActiveCfg = Debug|Any CPU
		{518B9210-DA4B-4DA3-9690-2E7B43BB008D}.Debug|Any CPU.Build.0 = Debug|Any CPU
		{518B9210-DA4B-4DA3-9690-2E7B43BB008D}.Release|Any CPU.ActiveCfg = Release|Any CPU
		{518B9210-DA4B-4DA3-9690-2E7B43BB008D}.Release|Any CPU.Build.0 = Release|Any CPU
	EndGlobalSection
	GlobalSection(SolutionProperties) = preSolution
		HideSolutionNode = FALSE
	EndGlobalSection
	GlobalSection(ExtensibilityGlobals) = postSolution
		SolutionGuid = {B477915C-17DE-4C76-A2CD-1B47A0ABBF34}
	EndGlobalSection
EndGlobal
